
Microsoft Visual Studio Solution File, Format Version 12.00
# Visual Studio Version 17
VisualStudioVersion = 17.8.34330.188
MinimumVisualStudioVersion = 10.0.40219.1
Project("{FAE04EC0-301F-11D3-BF4B-00C04F79EFBC}") = "odev2_orn224", "odev2_orn224\odev2_orn224.csproj", "{E04B736D-33EC-4958-AC97-D525AA1CD165}"
EndProject
Global
	GlobalSection(SolutionConfigurationPlatforms) = preSolution
		Debug|Any CPU = Debug|Any CPU
		Release|Any CPU = Release|Any CPU
	EndGlobalSection
	GlobalSection(ProjectConfigurationPlatforms) = postSolution
		{E04B736D-33EC-4958-AC97-D525AA1CD165}.Debug|Any CPU.ActiveCfg = Debug|Any CPU
		{E04B736D-33EC-4958-AC97-D525AA1CD165}.Debug|Any CPU.Build.0 = Debug|Any CPU
		{E04B736D-33EC-4958-AC97-D525AA1CD165}.Release|Any CPU.ActiveCfg = Release|Any CPU
		{E04B736D-33EC-4958-AC97-D525AA1CD165}.Release|Any CPU.Build.0 = Release|Any CPU
	EndGlobalSection
	GlobalSection(SolutionProperties) = preSolution
		HideSolutionNode = FALSE
	EndGlobalSection
	GlobalSection(ExtensibilityGlobals) = postSolution
		SolutionGuid = {734E5CDF-8C7E-4ABD-BB80-80DB6844C56B}
	EndGlobalSection
EndGlobal
