
Microsoft Visual Studio Solution File, Format Version 12.00
# Visual Studio Version 17
VisualStudioVersion = 17.8.34330.188
MinimumVisualStudioVersion = 10.0.40219.1
Project("{FAE04EC0-301F-11D3-BF4B-00C04F79EFBC}") = "odev14_ToplamaProgrami", "odev14_ToplamaProgrami\odev14_ToplamaProgrami.csproj", "{519A4875-CE44-4EC8-BDB6-AC8C3E16BE20}"
EndProject
Global
	GlobalSection(SolutionConfigurationPlatforms) = preSolution
		Debug|Any CPU = Debug|Any CPU
		Release|Any CPU = Release|Any CPU
	EndGlobalSection
	GlobalSection(ProjectConfigurationPlatforms) = postSolution
		{519A4875-CE44-4EC8-BDB6-AC8C3E16BE20}.Debug|Any CPU.ActiveCfg = Debug|Any CPU
		{519A4875-CE44-4EC8-BDB6-AC8C3E16BE20}.Debug|Any CPU.Build.0 = Debug|Any CPU
		{519A4875-CE44-4EC8-BDB6-AC8C3E16BE20}.Release|Any CPU.ActiveCfg = Release|Any CPU
		{519A4875-CE44-4EC8-BDB6-AC8C3E16BE20}.Release|Any CPU.Build.0 = Release|Any CPU
	EndGlobalSection
	GlobalSection(SolutionProperties) = preSolution
		HideSolutionNode = FALSE
	EndGlobalSection
	GlobalSection(ExtensibilityGlobals) = postSolution
		SolutionGuid = {252F0E23-1CEC-4BFE-B5D9-FCF0646C2B75}
	EndGlobalSection
EndGlobal
