
Microsoft Visual Studio Solution File, Format Version 12.00
# Visual Studio Version 17
VisualStudioVersion = 17.8.34330.188
MinimumVisualStudioVersion = 10.0.40219.1
Project("{FAE04EC0-301F-11D3-BF4B-00C04F79EFBC}") = "odev7_or214", "odev7_or214\odev7_or214.csproj", "{69EC34D3-9A6B-4233-B5B1-D7653311695E}"
EndProject
Global
	GlobalSection(SolutionConfigurationPlatforms) = preSolution
		Debug|Any CPU = Debug|Any CPU
		Release|Any CPU = Release|Any CPU
	EndGlobalSection
	GlobalSection(ProjectConfigurationPlatforms) = postSolution
		{69EC34D3-9A6B-4233-B5B1-D7653311695E}.Debug|Any CPU.ActiveCfg = Debug|Any CPU
		{69EC34D3-9A6B-4233-B5B1-D7653311695E}.Debug|Any CPU.Build.0 = Debug|Any CPU
		{69EC34D3-9A6B-4233-B5B1-D7653311695E}.Release|Any CPU.ActiveCfg = Release|Any CPU
		{69EC34D3-9A6B-4233-B5B1-D7653311695E}.Release|Any CPU.Build.0 = Release|Any CPU
	EndGlobalSection
	GlobalSection(SolutionProperties) = preSolution
		HideSolutionNode = FALSE
	EndGlobalSection
	GlobalSection(ExtensibilityGlobals) = postSolution
		SolutionGuid = {DEF4DBD5-9CC2-4936-B4F5-A66165EAFB17}
	EndGlobalSection
EndGlobal
